Microsoft Visual Studio Solution File, Format Version 12.00
# Visual Studio Version 17
VisualStudioVersion = 17.5.2.0
MinimumVisualStudioVersion = 10.0.40219.1
Project("{FAE04EC0-301F-11D3-BF4B-00C04F79EFBC}") = "HelloWord", "HelloWord.csproj", "{2128982A-C77C-2775-942E-E5D453D9C462}"
EndProject
Global
	GlobalSection(SolutionConfigurationPlatforms) = preSolution
		Debug|Any CPU = Debug|Any CPU
		Release|Any CPU = Release|Any CPU
	EndGlobalSection
	GlobalSection(ProjectConfigurationPlatforms) = postSolution
		{2128982A-C77C-2775-942E-E5D453D9C462}.Debug|Any CPU.ActiveCfg = Debug|Any CPU
		{2128982A-C77C-2775-942E-E5D453D9C462}.Debug|Any CPU.Build.0 = Debug|Any CPU
		{2128982A-C77C-2775-942E-E5D453D9C462}.Release|Any CPU.ActiveCfg = Release|Any CPU
		{2128982A-C77C-2775-942E-E5D453D9C462}.Release|Any CPU.Build.0 = Release|Any CPU
	EndGlobalSection
	GlobalSection(SolutionProperties) = preSolution
		HideSolutionNode = FALSE
	EndGlobalSection
	GlobalSection(ExtensibilityGlobals) = postSolution
		SolutionGuid = {248945C4-DBE4-48BB-8687-7BF592974A17}
	EndGlobalSection
EndGlobal
